
Microsoft Visual Studio Solution File, Format Version 11.00
# Visual Studio 2010
Project("{8BC9CEB8-8B4A-11D0-8D11-00A0C91BC942}") = "Instalog", "Instalog\Instalog.vcxproj", "{3014B1C8-F3F7-4C5C-B833-89A0A5C4FB82}"
EndProject
Project("{8BC9CEB8-8B4A-11D0-8D11-00A0C91BC942}") = "LogCommon", "LogCommon\LogCommon.vcxproj", "{386B18F5-3780-4AF0-A912-DDC8D3DB53D2}"
EndProject
Project("{8BC9CEB8-8B4A-11D0-8D11-00A0C91BC942}") = "LogTests", "LogTests\LogTests.vcxproj", "{922332AC-248C-4E97-812E-566DCE1EA78C}"
EndProject
Global
	GlobalSection(SolutionConfigurationPlatforms) = preSolution
		Debug|Win32 = Debug|Win32
		Release|Win32 = Release|Win32
	EndGlobalSection
	GlobalSection(ProjectConfigurationPlatforms) = postSolution
		{3014B1C8-F3F7-4C5C-B833-89A0A5C4FB82}.Debug|Win32.ActiveCfg = Debug|Win32
		{3014B1C8-F3F7-4C5C-B833-89A0A5C4FB82}.Debug|Win32.Build.0 = Debug|Win32
		{3014B1C8-F3F7-4C5C-B833-89A0A5C4FB82}.Release|Win32.ActiveCfg = Release|Win32
		{3014B1C8-F3F7-4C5C-B833-89A0A5C4FB82}.Release|Win32.Build.0 = Release|Win32
		{386B18F5-3780-4AF0-A912-DDC8D3DB53D2}.Debug|Win32.ActiveCfg = Debug|Win32
		{386B18F5-3780-4AF0-A912-DDC8D3DB53D2}.Debug|Win32.Build.0 = Debug|Win32
		{386B18F5-3780-4AF0-A912-DDC8D3DB53D2}.Release|Win32.ActiveCfg = Release|Win32
		{386B18F5-3780-4AF0-A912-DDC8D3DB53D2}.Release|Win32.Build.0 = Release|Win32
		{922332AC-248C-4E97-812E-566DCE1EA78C}.Debug|Win32.ActiveCfg = Debug|Win32
		{922332AC-248C-4E97-812E-566DCE1EA78C}.Debug|Win32.Build.0 = Debug|Win32
		{922332AC-248C-4E97-812E-566DCE1EA78C}.Release|Win32.ActiveCfg = Release|Win32
		{922332AC-248C-4E97-812E-566DCE1EA78C}.Release|Win32.Build.0 = Release|Win32
	EndGlobalSection
	GlobalSection(SolutionProperties) = preSolution
		HideSolutionNode = FALSE
	EndGlobalSection
EndGlobal
