<?xml version="1.0" encoding="utf-8"?>
<Project ToolsVersion="4.0" xmlns="http://schemas.microsoft.com/developer/msbuild/2003">
  <ItemGroup>
    <Filter Include="Source Files">
      <UniqueIdentifier>{4FC737F1-C7A5-4376-A066-2A32D752A2FF}</UniqueIdentifier>
      <Extensions>cpp;c;cc;cxx;def;odl;idl;hpj;bat;asm;asmx</Extensions>
    </Filter>
    <Filter Include="Header Files">
      <UniqueIdentifier>{93995380-89BD-4b04-88EB-625FBE52EBFB}</UniqueIdentifier>
      <Extensions>h;hpp;hxx;hm;inl;inc;xsd</Extensions>
    </Filter>
    <Filter Include="Header Files\gtest">
      <UniqueIdentifier>{39af35e3-79f6-4e8f-b259-707bd5966bbc}</UniqueIdentifier>
    </Filter>
    <Filter Include="Precompiled">
      <UniqueIdentifier>{b19a3daf-7da9-424f-973e-fb3d47997dc7}</UniqueIdentifier>
    </Filter>
    <Filter Include="GTest">
      <UniqueIdentifier>{eac43fa9-582d-4b79-b2ef-531838237bc7}</UniqueIdentifier>
    </Filter>
  </ItemGroup>
  <ItemGroup>
    <ClCompile Include="FileTest.cpp">
      <Filter>Source Files</Filter>
    </ClCompile>
    <ClCompile Include="ProcessTest.cpp">
      <Filter>Source Files</Filter>
    </ClCompile>
    <ClCompile Include="pch.cpp">
      <Filter>Precompiled</Filter>
    </ClCompile>
    <ClCompile Include="ScopedPrivilegeTest.cpp">
      <Filter>Source Files</Filter>
    </ClCompile>
    <ClCompile Include="Win32ExceptionTest.cpp">
      <Filter>Source Files</Filter>
    </ClCompile>
    <ClCompile Include="RegistryTest.cpp">
      <Filter>Source Files</Filter>
    </ClCompile>
    <ClCompile Include="ScriptingTest.cpp">
      <Filter>Source Files</Filter>
    </ClCompile>
    <ClCompile Include="StringUtilitiesTest.cpp">
      <Filter>Source Files</Filter>
    </ClCompile>
    <ClCompile Include="ScanningSectionsTest.cpp">
      <Filter>Source Files</Filter>
    </ClCompile>
    <ClCompile Include="PathTest.cpp">
      <Filter>Source Files</Filter>
    </ClCompile>
    <ClCompile Include="StockOutputFormatsTest.cpp">
      <Filter>Source Files</Filter>
    </ClCompile>
    <ClCompile Include="WhitelistTest.cpp">
      <Filter>Source Files</Filter>
    </ClCompile>
    <ClCompile Include="ServiceControlManagerTest.cpp">
      <Filter>Source Files</Filter>
    </ClCompile>
    <ClCompile Include="gtest_main.cc">
      <Filter>GTest</Filter>
    </ClCompile>
    <ClCompile Include="gtest-all.cc">
      <Filter>GTest</Filter>
    </ClCompile>
    <ClCompile Include="EventLogTest.cpp">
      <Filter>Source Files</Filter>
    </ClCompile>
    <ClCompile Include="LibraryTest.cpp">
      <Filter>Source Files</Filter>
    </ClCompile>
    <ClCompile Include="Win32GlueTest.cpp">
      <Filter>Source Files</Filter>
    </ClCompile>
    <ClCompile Include="DnsTest.cpp">
      <Filter>Source Files</Filter>
    </ClCompile>
    <ClCompile Include="ExpectedTest.cpp">
      <Filter>Source Files</Filter>
    </ClCompile>
  </ItemGroup>
  <ItemGroup>
    <ClInclude Include="gtest\gtest.h">
      <Filter>Header Files\gtest</Filter>
    </ClInclude>
    <ClInclude Include="pch.hpp">
      <Filter>Precompiled</Filter>
    </ClInclude>
  </ItemGroup>
  <ItemGroup>
    <ResourceCompile Include="..\LogCommon\CommonWhitelists.rc" />
  </ItemGroup>
</Project>