<?xml version="1.0" encoding="utf-8"?>
<Project ToolsVersion="4.0" xmlns="http://schemas.microsoft.com/developer/msbuild/2003">
  <ItemGroup>
    <Filter Include="Source Files">
      <UniqueIdentifier>{4FC737F1-C7A5-4376-A066-2A32D752A2FF}</UniqueIdentifier>
      <Extensions>cpp;c;cc;cxx;def;odl;idl;hpj;bat;asm;asmx</Extensions>
    </Filter>
    <Filter Include="Header Files">
      <UniqueIdentifier>{93995380-89BD-4b04-88EB-625FBE52EBFB}</UniqueIdentifier>
      <Extensions>h;hpp;hxx;hm;inl;inc;xsd</Extensions>
    </Filter>
    <Filter Include="Precompiled">
      <UniqueIdentifier>{fde33c8a-7b14-420a-a07c-30155b312cac}</UniqueIdentifier>
    </Filter>
    <Filter Include="Whitelists">
      <UniqueIdentifier>{960e73c8-6776-4c56-bae9-fd2115f6b151}</UniqueIdentifier>
    </Filter>
    <Filter Include="Protocol Buffers">
      <UniqueIdentifier>{b54d4d76-1712-4a80-8a25-22198b8f2108}</UniqueIdentifier>
    </Filter>
  </ItemGroup>
  <ItemGroup>
    <ClCompile Include="File.cpp">
      <Filter>Source Files</Filter>
    </ClCompile>
    <ClCompile Include="Process.cpp">
      <Filter>Source Files</Filter>
    </ClCompile>
    <ClCompile Include="Win32Exception.cpp">
      <Filter>Source Files</Filter>
    </ClCompile>
    <ClCompile Include="pch.cpp">
      <Filter>Precompiled</Filter>
    </ClCompile>
    <ClCompile Include="Registry.cpp">
      <Filter>Source Files</Filter>
    </ClCompile>
    <ClCompile Include="Scripting.cpp">
      <Filter>Source Files</Filter>
    </ClCompile>
    <ClCompile Include="StringUtilities.cpp">
      <Filter>Source Files</Filter>
    </ClCompile>
    <ClCompile Include="ScanningSections.cpp">
      <Filter>Source Files</Filter>
    </ClCompile>
    <ClCompile Include="Path.cpp">
      <Filter>Source Files</Filter>
    </ClCompile>
    <ClCompile Include="StockOutputFormats.cpp">
      <Filter>Source Files</Filter>
    </ClCompile>
    <ClCompile Include="Whitelist.cpp">
      <Filter>Source Files</Filter>
    </ClCompile>
    <ClCompile Include="ServiceControlManager.cpp">
      <Filter>Source Files</Filter>
    </ClCompile>
    <ClCompile Include="EventLog.cpp">
      <Filter>Source Files</Filter>
    </ClCompile>
    <ClCompile Include="Library.cpp">
      <Filter>Source Files</Filter>
    </ClCompile>
    <ClCompile Include="Win32Glue.cpp">
      <Filter>Source Files</Filter>
    </ClCompile>
    <ClCompile Include="PseudoHjt.cpp">
      <Filter>Source Files</Filter>
    </ClCompile>
    <ClCompile Include="SecurityCenter.cpp">
      <Filter>Source Files</Filter>
    </ClCompile>
    <ClCompile Include="CompiledProtocolBuffers\Whitelist.pb.cc">
      <Filter>Source Files</Filter>
    </ClCompile>
    <ClCompile Include="Wmi.cpp">
      <Filter>Source Files</Filter>
    </ClCompile>
    <ClCompile Include="RestorePoints.cpp">
      <Filter>Source Files</Filter>
    </ClCompile>
  </ItemGroup>
  <ItemGroup>
    <ClInclude Include="File.hpp">
      <Filter>Header Files</Filter>
    </ClInclude>
    <ClInclude Include="Process.hpp">
      <Filter>Header Files</Filter>
    </ClInclude>
    <ClInclude Include="Win32Exception.hpp">
      <Filter>Header Files</Filter>
    </ClInclude>
    <ClInclude Include="ScopedPrivilege.hpp">
      <Filter>Header Files</Filter>
    </ClInclude>
    <ClInclude Include="pch.hpp">
      <Filter>Precompiled</Filter>
    </ClInclude>
    <ClInclude Include="Registry.hpp">
      <Filter>Header Files</Filter>
    </ClInclude>
    <ClInclude Include="DdkStructures.h">
      <Filter>Header Files</Filter>
    </ClInclude>
    <ClInclude Include="UserInterface.hpp">
      <Filter>Header Files</Filter>
    </ClInclude>
    <ClInclude Include="Scripting.hpp">
      <Filter>Header Files</Filter>
    </ClInclude>
    <ClInclude Include="StringUtilities.hpp">
      <Filter>Header Files</Filter>
    </ClInclude>
    <ClInclude Include="ScanningSections.hpp">
      <Filter>Header Files</Filter>
    </ClInclude>
    <ClInclude Include="Path.hpp">
      <Filter>Header Files</Filter>
    </ClInclude>
    <ClInclude Include="StockOutputFormats.hpp">
      <Filter>Header Files</Filter>
    </ClInclude>
    <ClInclude Include="resource.h">
      <Filter>Header Files</Filter>
    </ClInclude>
    <ClInclude Include="Whitelist.hpp">
      <Filter>Header Files</Filter>
    </ClInclude>
    <ClInclude Include="ServiceControlManager.hpp">
      <Filter>Header Files</Filter>
    </ClInclude>
    <ClInclude Include="InstalogVersion.hpp">
      <Filter>Header Files</Filter>
    </ClInclude>
    <ClInclude Include="Win32Glue.hpp">
      <Filter>Header Files</Filter>
    </ClInclude>
    <ClInclude Include="ntstatus.h">
      <Filter>Header Files</Filter>
    </ClInclude>
    <ClInclude Include="Wow64.hpp">
      <Filter>Header Files</Filter>
    </ClInclude>
    <ClInclude Include="EventLog.hpp">
      <Filter>Header Files</Filter>
    </ClInclude>
    <ClInclude Include="Library.hpp">
      <Filter>Header Files</Filter>
    </ClInclude>
    <ClInclude Include="PseudoHjt.hpp">
      <Filter>Header Files</Filter>
    </ClInclude>
    <ClInclude Include="Com.hpp">
      <Filter>Header Files</Filter>
    </ClInclude>
    <ClInclude Include="SecurityCenter.hpp">
      <Filter>Header Files</Filter>
    </ClInclude>
    <ClInclude Include="CompiledProtocolBuffers\Whitelist.pb.h">
      <Filter>Header Files</Filter>
    </ClInclude>
    <ClInclude Include="Wmi.hpp">
      <Filter>Header Files</Filter>
    </ClInclude>
    <ClInclude Include="RestorePoints.hpp">
      <Filter>Header Files</Filter>
    </ClInclude>
    <ClInclude Include="ScopeExit.hpp">
      <Filter>Header Files</Filter>
    </ClInclude>
  </ItemGroup>
  <ItemGroup>
    <ResourceCompile Include="CommonWhitelists.rc" />
  </ItemGroup>
  <ItemGroup>
    <None Include="Running Processes.txt">
      <Filter>Whitelists</Filter>
    </None>
    <None Include="Services Drivers.txt">
      <Filter>Whitelists</Filter>
    </None>
  </ItemGroup>
  <ItemGroup>
    <CustomBuild Include="Whitelist.proto">
      <Filter>Protocol Buffers</Filter>
    </CustomBuild>
  </ItemGroup>
</Project>