<?xml version="1.0" encoding="utf-8"?>
<Project ToolsVersion="4.0" xmlns="http://schemas.microsoft.com/developer/msbuild/2003">
  <ItemGroup>
    <Filter Include="SystemFacades">
      <UniqueIdentifier>{4edbc5c6-9e39-4eef-b31e-3fa555774c3c}</UniqueIdentifier>
    </Filter>
    <Filter Include="ScriptActions">
      <UniqueIdentifier>{8531c89a-2fd8-4c94-a2ba-a984317ba5a5}</UniqueIdentifier>
    </Filter>
    <Filter Include="ExternalInterfaces">
      <UniqueIdentifier>{0d3fc8cc-67f0-4475-92f3-9e38fbdccf11}</UniqueIdentifier>
    </Filter>
  </ItemGroup>
  <ItemGroup>
    <ClInclude Include="File.hpp">
      <Filter>SystemFacades</Filter>
    </ClInclude>
    <ClInclude Include="Win32Exception.hpp">
      <Filter>SystemFacades</Filter>
    </ClInclude>
  </ItemGroup>
  <ItemGroup>
    <ClCompile Include="File.cpp">
      <Filter>SystemFacades</Filter>
    </ClCompile>
    <ClCompile Include="Win32Exception.cpp">
      <Filter>SystemFacades</Filter>
    </ClCompile>
    <ClCompile Include="RuntimeDynamicLinker.hpp">
      <Filter>SystemFacades</Filter>
    </ClCompile>
    <ClCompile Include="RuntimeDynamicLinker.cpp">
      <Filter>SystemFacades</Filter>
    </ClCompile>
  </ItemGroup>
</Project>